{
  "name": "talksocket",
  "version": "1.0.0",
  "lockfileVersion": 3,
  "requires": true,
  "packages": {
    "": {
      "name": "talksocket",
      "version": "1.0.0",
      "license": "ISC",
      "dependencies": {
        "date-fns": "^3.3.1",
        "nanoid": "^5.0.5"
      }
    },
    "node_modules/date-fns": {
      "version": "3.3.1",
      "resolved": "https://registry.npmjs.org/date-fns/-/date-fns-3.3.1.tgz",
      "integrity": "sha512-y8e109LYGgoQDveiEBD3DYXKba1jWf5BA8YU1FL5Tvm0BTdEfy54WLCwnuYWZNnzzvALy/QQ4Hov+Q9RVRv+Zw==",
      "funding": {
        "type": "github",
        "url": "https://github.com/sponsors/kossnocorp"
      }
    },
    "node_modules/nanoid": {
      "version": "5.0.5",
      "resolved": "https://registry.npmjs.org/nanoid/-/nanoid-5.0.5.tgz",
      "integrity": "sha512-/Veqm+QKsyMY3kqi4faWplnY1u+VuKO3dD2binyPIybP31DRO29bPF+1mszgLnrR2KqSLceFLBNw0zmvDzN1QQ==",
      "funding": [
        {
          "type": "github",
          "url": "https://github.com/sponsors/ai"
        }
      ],
      "bin": {
        "nanoid": "bin/nanoid.js"
      },
      "engines": {
        "node": "^18 || >=20"
      }
    }
  }
}
